
Microsoft Visual Studio Solution File, Format Version 12.00
# Visual Studio Version 17
VisualStudioVersion = 17.0.31815.197
MinimumVisualStudioVersion = 10.0.40219.1
Project("{FAE04EC0-301F-11D3-BF4B-00C04F79EFBC}") = "LocalNotification.Sample.Android", "LocalNotification.Sample.Android\LocalNotification.Sample.Android.csproj", "{08F5CE7D-75F1-42E3-88E2-04E0A9185467}"
EndProject
Project("{FAE04EC0-301F-11D3-BF4B-00C04F79EFBC}") = "LocalNotification.Sample.iOS", "LocalNotification.Sample.iOS\LocalNotification.Sample.iOS.csproj", "{F7906D0B-9C19-4748-B162-A1434EAC6F09}"
EndProject
Project("{9A19103F-16F7-4668-BE54-9A1E7A4F7556}") = "LocalNotification.Sample", "LocalNotification.Sample\LocalNotification.Sample.csproj", "{1CB8A3CC-A5FB-4D8D-9686-1374FAC0ABC3}"
EndProject
Project("{2150E333-8FDC-42A3-9474-1A3956D46DE8}") = "Core", "Core", "{F2A7B258-0C9B-4BF3-9532-69DE70B0543F}"
EndProject
Project("{9A19103F-16F7-4668-BE54-9A1E7A4F7556}") = "Plugin.LocalNotification", "..\..\Source\Plugin.LocalNotification\Plugin.LocalNotification.csproj", "{43815ED8-A675-4657-BF92-14817663AC04}"
EndProject
Global
	GlobalSection(SolutionConfigurationPlatforms) = preSolution
		Ad-Hoc|Any CPU = Ad-Hoc|Any CPU
		Ad-Hoc|iPhone = Ad-Hoc|iPhone
		Ad-Hoc|iPhoneSimulator = Ad-Hoc|iPhoneSimulator
		AppStore|Any CPU = AppStore|Any CPU
		AppStore|iPhone = AppStore|iPhone
		AppStore|iPhoneSimulator = AppStore|iPhoneSimulator
		Debug|Any CPU = Debug|Any CPU
		Debug|iPhone = Debug|iPhone
		Debug|iPhoneSimulator = Debug|iPhoneSimulator
		Release|Any CPU = Release|Any CPU
		Release|iPhone = Release|iPhone
		Release|iPhoneSimulator = Release|iPhoneSimulator
	EndGlobalSection
	GlobalSection(ProjectConfigurationPlatforms) = postSolution
		{08F5CE7D-75F1-42E3-88E2-04E0A9185467}.Ad-Hoc|Any CPU.ActiveCfg = Release|Any CPU
		{08F5CE7D-75F1-42E3-88E2-04E0A9185467}.Ad-Hoc|Any CPU.Build.0 = Release|Any CPU
		{08F5CE7D-75F1-42E3-88E2-04E0A9185467}.Ad-Hoc|Any CPU.Deploy.0 = Release|Any CPU
		{08F5CE7D-75F1-42E3-88E2-04E0A9185467}.Ad-Hoc|iPhone.ActiveCfg = Release|Any CPU
		{08F5CE7D-75F1-42E3-88E2-04E0A9185467}.Ad-Hoc|iPhone.Build.0 = Release|Any CPU
		{08F5CE7D-75F1-42E3-88E2-04E0A9185467}.Ad-Hoc|iPhone.Deploy.0 = Release|Any CPU
		{08F5CE7D-75F1-42E3-88E2-04E0A9185467}.Ad-Hoc|iPhoneSimulator.ActiveCfg = Release|Any CPU
		{08F5CE7D-75F1-42E3-88E2-04E0A9185467}.Ad-Hoc|iPhoneSimulator.Build.0 = Release|Any CPU
		{08F5CE7D-75F1-42E3-88E2-04E0A9185467}.Ad-Hoc|iPhoneSimulator.Deploy.0 = Release|Any CPU
		{08F5CE7D-75F1-42E3-88E2-04E0A9185467}.AppStore|Any CPU.ActiveCfg = Release|Any CPU
		{08F5CE7D-75F1-42E3-88E2-04E0A9185467}.AppStore|Any CPU.Build.0 = Release|Any CPU
		{08F5CE7D-75F1-42E3-88E2-04E0A9185467}.AppStore|Any CPU.Deploy.0 = Release|Any CPU
		{08F5CE7D-75F1-42E3-88E2-04E0A9185467}.AppStore|iPhone.ActiveCfg = Release|Any CPU
		{08F5CE7D-75F1-42E3-88E2-04E0A9185467}.AppStore|iPhone.Build.0 = Release|Any CPU
		{08F5CE7D-75F1-42E3-88E2-04E0A9185467}.AppStore|iPhone.Deploy.0 = Release|Any CPU
		{08F5CE7D-75F1-42E3-88E2-04E0A9185467}.AppStore|iPhoneSimulator.ActiveCfg = Release|Any CPU
		{08F5CE7D-75F1-42E3-88E2-04E0A9185467}.AppStore|iPhoneSimulator.Build.0 = Release|Any CPU
		{08F5CE7D-75F1-42E3-88E2-04E0A9185467}.AppStore|iPhoneSimulator.Deploy.0 = Release|Any CPU
		{08F5CE7D-75F1-42E3-88E2-04E0A9185467}.Debug|Any CPU.ActiveCfg = Debug|Any CPU
		{08F5CE7D-75F1-42E3-88E2-04E0A9185467}.Debug|Any CPU.Build.0 = Debug|Any CPU
		{08F5CE7D-75F1-42E3-88E2-04E0A9185467}.Debug|Any CPU.Deploy.0 = Debug|Any CPU
		{08F5CE7D-75F1-42E3-88E2-04E0A9185467}.Debug|iPhone.ActiveCfg = Debug|Any CPU
		{08F5CE7D-75F1-42E3-88E2-04E0A9185467}.Debug|iPhone.Build.0 = Debug|Any CPU
		{08F5CE7D-75F1-42E3-88E2-04E0A9185467}.Debug|iPhone.Deploy.0 = Debug|Any CPU
		{08F5CE7D-75F1-42E3-88E2-04E0A9185467}.Debug|iPhoneSimulator.ActiveCfg = Debug|Any CPU
		{08F5CE7D-75F1-42E3-88E2-04E0A9185467}.Debug|iPhoneSimulator.Build.0 = Debug|Any CPU
		{08F5CE7D-75F1-42E3-88E2-04E0A9185467}.Debug|iPhoneSimulator.Deploy.0 = Debug|Any CPU
		{08F5CE7D-75F1-42E3-88E2-04E0A9185467}.Release|Any CPU.ActiveCfg = Release|Any CPU
		{08F5CE7D-75F1-42E3-88E2-04E0A9185467}.Release|Any CPU.Build.0 = Release|Any CPU
		{08F5CE7D-75F1-42E3-88E2-04E0A9185467}.Release|Any CPU.Deploy.0 = Release|Any CPU
		{08F5CE7D-75F1-42E3-88E2-04E0A9185467}.Release|iPhone.ActiveCfg = Release|Any CPU
		{08F5CE7D-75F1-42E3-88E2-04E0A9185467}.Release|iPhone.Build.0 = Release|Any CPU
		{08F5CE7D-75F1-42E3-88E2-04E0A9185467}.Release|iPhone.Deploy.0 = Release|Any CPU
		{08F5CE7D-75F1-42E3-88E2-04E0A9185467}.Release|iPhoneSimulator.ActiveCfg = Release|Any CPU
		{08F5CE7D-75F1-42E3-88E2-04E0A9185467}.Release|iPhoneSimulator.Build.0 = Release|Any CPU
		{08F5CE7D-75F1-42E3-88E2-04E0A9185467}.Release|iPhoneSimulator.Deploy.0 = Release|Any CPU
		{F7906D0B-9C19-4748-B162-A1434EAC6F09}.Ad-Hoc|Any CPU.ActiveCfg = Ad-Hoc|iPhone
		{F7906D0B-9C19-4748-B162-A1434EAC6F09}.Ad-Hoc|Any CPU.Build.0 = Ad-Hoc|iPhone
		{F7906D0B-9C19-4748-B162-A1434EAC6F09}.Ad-Hoc|Any CPU.Deploy.0 = Ad-Hoc|iPhone
		{F7906D0B-9C19-4748-B162-A1434EAC6F09}.Ad-Hoc|iPhone.ActiveCfg = Ad-Hoc|iPhone
		{F7906D0B-9C19-4748-B162-A1434EAC6F09}.Ad-Hoc|iPhone.Build.0 = Ad-Hoc|iPhone
		{F7906D0B-9C19-4748-B162-A1434EAC6F09}.Ad-Hoc|iPhone.Deploy.0 = Ad-Hoc|iPhone
		{F7906D0B-9C19-4748-B162-A1434EAC6F09}.Ad-Hoc|iPhoneSimulator.ActiveCfg = Ad-Hoc|iPhoneSimulator
		{F7906D0B-9C19-4748-B162-A1434EAC6F09}.Ad-Hoc|iPhoneSimulator.Build.0 = Ad-Hoc|iPhoneSimulator
		{F7906D0B-9C19-4748-B162-A1434EAC6F09}.Ad-Hoc|iPhoneSimulator.Deploy.0 = Ad-Hoc|iPhoneSimulator
		{F7906D0B-9C19-4748-B162-A1434EAC6F09}.AppStore|Any CPU.ActiveCfg = AppStore|iPhone
		{F7906D0B-9C19-4748-B162-A1434EAC6F09}.AppStore|Any CPU.Build.0 = AppStore|iPhone
		{F7906D0B-9C19-4748-B162-A1434EAC6F09}.AppStore|Any CPU.Deploy.0 = AppStore|iPhone
		{F7906D0B-9C19-4748-B162-A1434EAC6F09}.AppStore|iPhone.ActiveCfg = AppStore|iPhone
		{F7906D0B-9C19-4748-B162-A1434EAC6F09}.AppStore|iPhone.Build.0 = AppStore|iPhone
		{F7906D0B-9C19-4748-B162-A1434EAC6F09}.AppStore|iPhone.Deploy.0 = AppStore|iPhone
		{F7906D0B-9C19-4748-B162-A1434EAC6F09}.AppStore|iPhoneSimulator.ActiveCfg = AppStore|iPhoneSimulator
		{F7906D0B-9C19-4748-B162-A1434EAC6F09}.AppStore|iPhoneSimulator.Build.0 = AppStore|iPhoneSimulator
		{F7906D0B-9C19-4748-B162-A1434EAC6F09}.AppStore|iPhoneSimulator.Deploy.0 = AppStore|iPhoneSimulator
		{F7906D0B-9C19-4748-B162-A1434EAC6F09}.Debug|Any CPU.ActiveCfg = Debug|iPhoneSimulator
		{F7906D0B-9C19-4748-B162-A1434EAC6F09}.Debug|Any CPU.Build.0 = Debug|iPhoneSimulator
		{F7906D0B-9C19-4748-B162-A1434EAC6F09}.Debug|Any CPU.Deploy.0 = Debug|iPhoneSimulator
		{F7906D0B-9C19-4748-B162-A1434EAC6F09}.Debug|iPhone.ActiveCfg = Debug|iPhone
		{F7906D0B-9C19-4748-B162-A1434EAC6F09}.Debug|iPhone.Build.0 = Debug|iPhone
		{F7906D0B-9C19-4748-B162-A1434EAC6F09}.Debug|iPhone.Deploy.0 = Debug|iPhone
		{F7906D0B-9C19-4748-B162-A1434EAC6F09}.Debug|iPhoneSimulator.ActiveCfg = Debug|iPhoneSimulator
		{F7906D0B-9C19-4748-B162-A1434EAC6F09}.Debug|iPhoneSimulator.Build.0 = Debug|iPhoneSimulator
		{F7906D0B-9C19-4748-B162-A1434EAC6F09}.Debug|iPhoneSimulator.Deploy.0 = Debug|iPhoneSimulator
		{F7906D0B-9C19-4748-B162-A1434EAC6F09}.Release|Any CPU.ActiveCfg = Release|iPhone
		{F7906D0B-9C19-4748-B162-A1434EAC6F09}.Release|Any CPU.Build.0 = Release|iPhone
		{F7906D0B-9C19-4748-B162-A1434EAC6F09}.Release|Any CPU.Deploy.0 = Release|iPhone
		{F7906D0B-9C19-4748-B162-A1434EAC6F09}.Release|iPhone.ActiveCfg = Release|iPhone
		{F7906D0B-9C19-4748-B162-A1434EAC6F09}.Release|iPhone.Build.0 = Release|iPhone
		{F7906D0B-9C19-4748-B162-A1434EAC6F09}.Release|iPhone.Deploy.0 = Release|iPhone
		{F7906D0B-9C19-4748-B162-A1434EAC6F09}.Release|iPhoneSimulator.ActiveCfg = Release|iPhoneSimulator
		{F7906D0B-9C19-4748-B162-A1434EAC6F09}.Release|iPhoneSimulator.Build.0 = Release|iPhoneSimulator
		{F7906D0B-9C19-4748-B162-A1434EAC6F09}.Release|iPhoneSimulator.Deploy.0 = Release|iPhoneSimulator
		{1CB8A3CC-A5FB-4D8D-9686-1374FAC0ABC3}.Ad-Hoc|Any CPU.ActiveCfg = Debug|Any CPU
		{1CB8A3CC-A5FB-4D8D-9686-1374FAC0ABC3}.Ad-Hoc|Any CPU.Build.0 = Debug|Any CPU
		{1CB8A3CC-A5FB-4D8D-9686-1374FAC0ABC3}.Ad-Hoc|Any CPU.Deploy.0 = Debug|Any CPU
		{1CB8A3CC-A5FB-4D8D-9686-1374FAC0ABC3}.Ad-Hoc|iPhone.ActiveCfg = Debug|Any CPU
		{1CB8A3CC-A5FB-4D8D-9686-1374FAC0ABC3}.Ad-Hoc|iPhone.Build.0 = Debug|Any CPU
		{1CB8A3CC-A5FB-4D8D-9686-1374FAC0ABC3}.Ad-Hoc|iPhone.Deploy.0 = Debug|Any CPU
		{1CB8A3CC-A5FB-4D8D-9686-1374FAC0ABC3}.Ad-Hoc|iPhoneSimulator.ActiveCfg = Debug|Any CPU
		{1CB8A3CC-A5FB-4D8D-9686-1374FAC0ABC3}.Ad-Hoc|iPhoneSimulator.Build.0 = Debug|Any CPU
		{1CB8A3CC-A5FB-4D8D-9686-1374FAC0ABC3}.Ad-Hoc|iPhoneSimulator.Deploy.0 = Debug|Any CPU
		{1CB8A3CC-A5FB-4D8D-9686-1374FAC0ABC3}.AppStore|Any CPU.ActiveCfg = Debug|Any CPU
		{1CB8A3CC-A5FB-4D8D-9686-1374FAC0ABC3}.AppStore|Any CPU.Build.0 = Debug|Any CPU
		{1CB8A3CC-A5FB-4D8D-9686-1374FAC0ABC3}.AppStore|Any CPU.Deploy.0 = Debug|Any CPU
		{1CB8A3CC-A5FB-4D8D-9686-1374FAC0ABC3}.AppStore|iPhone.ActiveCfg = Debug|Any CPU
		{1CB8A3CC-A5FB-4D8D-9686-1374FAC0ABC3}.AppStore|iPhone.Build.0 = Debug|Any CPU
		{1CB8A3CC-A5FB-4D8D-9686-1374FAC0ABC3}.AppStore|iPhone.Deploy.0 = Debug|Any CPU
		{1CB8A3CC-A5FB-4D8D-9686-1374FAC0ABC3}.AppStore|iPhoneSimulator.ActiveCfg = Debug|Any CPU
		{1CB8A3CC-A5FB-4D8D-9686-1374FAC0ABC3}.AppStore|iPhoneSimulator.Build.0 = Debug|Any CPU
		{1CB8A3CC-A5FB-4D8D-9686-1374FAC0ABC3}.AppStore|iPhoneSimulator.Deploy.0 = Debug|Any CPU
		{1CB8A3CC-A5FB-4D8D-9686-1374FAC0ABC3}.Debug|Any CPU.ActiveCfg = Debug|Any CPU
		{1CB8A3CC-A5FB-4D8D-9686-1374FAC0ABC3}.Debug|Any CPU.Build.0 = Debug|Any CPU
		{1CB8A3CC-A5FB-4D8D-9686-1374FAC0ABC3}.Debug|Any CPU.Deploy.0 = Debug|Any CPU
		{1CB8A3CC-A5FB-4D8D-9686-1374FAC0ABC3}.Debug|iPhone.ActiveCfg = Debug|Any CPU
		{1CB8A3CC-A5FB-4D8D-9686-1374FAC0ABC3}.Debug|iPhone.Build.0 = Debug|Any CPU
		{1CB8A3CC-A5FB-4D8D-9686-1374FAC0ABC3}.Debug|iPhone.Deploy.0 = Debug|Any CPU
		{1CB8A3CC-A5FB-4D8D-9686-1374FAC0ABC3}.Debug|iPhoneSimulator.ActiveCfg = Debug|Any CPU
		{1CB8A3CC-A5FB-4D8D-9686-1374FAC0ABC3}.Debug|iPhoneSimulator.Build.0 = Debug|Any CPU
		{1CB8A3CC-A5FB-4D8D-9686-1374FAC0ABC3}.Debug|iPhoneSimulator.Deploy.0 = Debug|Any CPU
		{1CB8A3CC-A5FB-4D8D-9686-1374FAC0ABC3}.Release|Any CPU.ActiveCfg = Release|Any CPU
		{1CB8A3CC-A5FB-4D8D-9686-1374FAC0ABC3}.Release|Any CPU.Build.0 = Release|Any CPU
		{1CB8A3CC-A5FB-4D8D-9686-1374FAC0ABC3}.Release|Any CPU.Deploy.0 = Release|Any CPU
		{1CB8A3CC-A5FB-4D8D-9686-1374FAC0ABC3}.Release|iPhone.ActiveCfg = Release|Any CPU
		{1CB8A3CC-A5FB-4D8D-9686-1374FAC0ABC3}.Release|iPhone.Build.0 = Release|Any CPU
		{1CB8A3CC-A5FB-4D8D-9686-1374FAC0ABC3}.Release|iPhone.Deploy.0 = Release|Any CPU
		{1CB8A3CC-A5FB-4D8D-9686-1374FAC0ABC3}.Release|iPhoneSimulator.ActiveCfg = Release|Any CPU
		{1CB8A3CC-A5FB-4D8D-9686-1374FAC0ABC3}.Release|iPhoneSimulator.Build.0 = Release|Any CPU
		{1CB8A3CC-A5FB-4D8D-9686-1374FAC0ABC3}.Release|iPhoneSimulator.Deploy.0 = Release|Any CPU
		{43815ED8-A675-4657-BF92-14817663AC04}.Ad-Hoc|Any CPU.ActiveCfg = Debug|Any CPU
		{43815ED8-A675-4657-BF92-14817663AC04}.Ad-Hoc|Any CPU.Build.0 = Debug|Any CPU
		{43815ED8-A675-4657-BF92-14817663AC04}.Ad-Hoc|iPhone.ActiveCfg = Debug|Any CPU
		{43815ED8-A675-4657-BF92-14817663AC04}.Ad-Hoc|iPhone.Build.0 = Debug|Any CPU
		{43815ED8-A675-4657-BF92-14817663AC04}.Ad-Hoc|iPhoneSimulator.ActiveCfg = Debug|Any CPU
		{43815ED8-A675-4657-BF92-14817663AC04}.Ad-Hoc|iPhoneSimulator.Build.0 = Debug|Any CPU
		{43815ED8-A675-4657-BF92-14817663AC04}.AppStore|Any CPU.ActiveCfg = Debug|Any CPU
		{43815ED8-A675-4657-BF92-14817663AC04}.AppStore|Any CPU.Build.0 = Debug|Any CPU
		{43815ED8-A675-4657-BF92-14817663AC04}.AppStore|iPhone.ActiveCfg = Debug|Any CPU
		{43815ED8-A675-4657-BF92-14817663AC04}.AppStore|iPhone.Build.0 = Debug|Any CPU
		{43815ED8-A675-4657-BF92-14817663AC04}.AppStore|iPhoneSimulator.ActiveCfg = Debug|Any CPU
		{43815ED8-A675-4657-BF92-14817663AC04}.AppStore|iPhoneSimulator.Build.0 = Debug|Any CPU
		{43815ED8-A675-4657-BF92-14817663AC04}.Debug|Any CPU.ActiveCfg = Debug|Any CPU
		{43815ED8-A675-4657-BF92-14817663AC04}.Debug|Any CPU.Build.0 = Debug|Any CPU
		{43815ED8-A675-4657-BF92-14817663AC04}.Debug|iPhone.ActiveCfg = Debug|Any CPU
		{43815ED8-A675-4657-BF92-14817663AC04}.Debug|iPhone.Build.0 = Debug|Any CPU
		{43815ED8-A675-4657-BF92-14817663AC04}.Debug|iPhoneSimulator.ActiveCfg = Debug|Any CPU
		{43815ED8-A675-4657-BF92-14817663AC04}.Debug|iPhoneSimulator.Build.0 = Debug|Any CPU
		{43815ED8-A675-4657-BF92-14817663AC04}.Release|Any CPU.ActiveCfg = Release|Any CPU
		{43815ED8-A675-4657-BF92-14817663AC04}.Release|Any CPU.Build.0 = Release|Any CPU
		{43815ED8-A675-4657-BF92-14817663AC04}.Release|iPhone.ActiveCfg = Release|Any CPU
		{43815ED8-A675-4657-BF92-14817663AC04}.Release|iPhone.Build.0 = Release|Any CPU
		{43815ED8-A675-4657-BF92-14817663AC04}.Release|iPhoneSimulator.ActiveCfg = Release|Any CPU
		{43815ED8-A675-4657-BF92-14817663AC04}.Release|iPhoneSimulator.Build.0 = Release|Any CPU
	EndGlobalSection
	GlobalSection(SolutionProperties) = preSolution
		HideSolutionNode = FALSE
	EndGlobalSection
	GlobalSection(NestedProjects) = preSolution
		{43815ED8-A675-4657-BF92-14817663AC04} = {F2A7B258-0C9B-4BF3-9532-69DE70B0543F}
	EndGlobalSection
	GlobalSection(ExtensibilityGlobals) = postSolution
		SolutionGuid = {A63DE94B-3BB6-4E15-828B-0C349BF2D2F6}
	EndGlobalSection
EndGlobal
