
Microsoft Visual Studio Solution File, Format Version 12.00
# Visual Studio Version 17
VisualStudioVersion = 17.0.31611.283
MinimumVisualStudioVersion = 10.0.40219.1
Project("{9A19103F-16F7-4668-BE54-9A1E7A4F7556}") = "LocalNotification.Sample", "LocalNotification.Sample\LocalNotification.Sample.csproj", "{0178E998-AF38-446B-B49E-2E9ECFC411DB}"
EndProject
Project("{9A19103F-16F7-4668-BE54-9A1E7A4F7556}") = "Plugin.LocalNotification", "..\..\Source\Plugin.LocalNotification\Plugin.LocalNotification.csproj", "{EE7B30C7-5307-4B01-A194-5ED815F2DF85}"
EndProject
Project("{FAE04EC0-301F-11D3-BF4B-00C04F79EFBC}") = "LocalNotification.UnitTests", "..\..\UnitTests\LocalNotification.UnitTests\LocalNotification.UnitTests.csproj", "{A939D821-32AE-EF0C-8ADB-7C5917E17072}"
EndProject
Global
	GlobalSection(SolutionConfigurationPlatforms) = preSolution
		Debug|Any CPU = Debug|Any CPU
		Release|Any CPU = Release|Any CPU
	EndGlobalSection
	GlobalSection(ProjectConfigurationPlatforms) = postSolution
		{0178E998-AF38-446B-B49E-2E9ECFC411DB}.Debug|Any CPU.ActiveCfg = Debug|Any CPU
		{0178E998-AF38-446B-B49E-2E9ECFC411DB}.Debug|Any CPU.Build.0 = Debug|Any CPU
		{0178E998-AF38-446B-B49E-2E9ECFC411DB}.Debug|Any CPU.Deploy.0 = Debug|Any CPU
		{0178E998-AF38-446B-B49E-2E9ECFC411DB}.Release|Any CPU.ActiveCfg = Release|Any CPU
		{0178E998-AF38-446B-B49E-2E9ECFC411DB}.Release|Any CPU.Build.0 = Release|Any CPU
		{0178E998-AF38-446B-B49E-2E9ECFC411DB}.Release|Any CPU.Deploy.0 = Release|Any CPU
		{EE7B30C7-5307-4B01-A194-5ED815F2DF85}.Debug|Any CPU.ActiveCfg = Debug|Any CPU
		{EE7B30C7-5307-4B01-A194-5ED815F2DF85}.Debug|Any CPU.Build.0 = Debug|Any CPU
		{EE7B30C7-5307-4B01-A194-5ED815F2DF85}.Release|Any CPU.ActiveCfg = Release|Any CPU
		{EE7B30C7-5307-4B01-A194-5ED815F2DF85}.Release|Any CPU.Build.0 = Release|Any CPU
		{A939D821-32AE-EF0C-8ADB-7C5917E17072}.Debug|Any CPU.ActiveCfg = Debug|Any CPU
		{A939D821-32AE-EF0C-8ADB-7C5917E17072}.Debug|Any CPU.Build.0 = Debug|Any CPU
		{A939D821-32AE-EF0C-8ADB-7C5917E17072}.Release|Any CPU.ActiveCfg = Release|Any CPU
		{A939D821-32AE-EF0C-8ADB-7C5917E17072}.Release|Any CPU.Build.0 = Release|Any CPU
	EndGlobalSection
	GlobalSection(SolutionProperties) = preSolution
		HideSolutionNode = FALSE
	EndGlobalSection
	GlobalSection(ExtensibilityGlobals) = postSolution
		SolutionGuid = {61F7FB11-1E47-470C-91E2-47F8143E1572}
	EndGlobalSection
EndGlobal
